
Microsoft Visual Studio Solution File, Format Version 12.00
# Visual Studio 15
VisualStudioVersion = 15.0.27703.2035
MinimumVisualStudioVersion = 10.0.40219.1
Project("{FAE04EC0-301F-11D3-BF4B-00C04F79EFBC}") = "CodinovaTask", "CodinovaTask\CodinovaTask.csproj", "{07896FB4-0512-44D7-AE82-9539EA62440F}"
EndProject
Global
	GlobalSection(SolutionConfigurationPlatforms) = preSolution
		Debug|Any CPU = Debug|Any CPU
		Release|Any CPU = Release|Any CPU
	EndGlobalSection
	GlobalSection(ProjectConfigurationPlatforms) = postSolution
		{07896FB4-0512-44D7-AE82-9539EA62440F}.Debug|Any CPU.ActiveCfg = Debug|Any CPU
		{07896FB4-0512-44D7-AE82-9539EA62440F}.Debug|Any CPU.Build.0 = Debug|Any CPU
		{07896FB4-0512-44D7-AE82-9539EA62440F}.Release|Any CPU.ActiveCfg = Release|Any CPU
		{07896FB4-0512-44D7-AE82-9539EA62440F}.Release|Any CPU.Build.0 = Release|Any CPU
	EndGlobalSection
	GlobalSection(SolutionProperties) = preSolution
		HideSolutionNode = FALSE
	EndGlobalSection
	GlobalSection(ExtensibilityGlobals) = postSolution
		SolutionGuid = {F3FEFEE4-5DEC-4AC5-A800-87E51DA01187}
	EndGlobalSection
EndGlobal
